
Microsoft Visual Studio Solution File, Format Version 12.00
Project("{FAE04EC0-301F-11D3-BF4B-00C04F79EFBC}") = "faf-nvm", "faf-nvm.csproj", "{468894B4-4A78-48A9-86FE-747E3E6F721F}"
EndProject
Global
	GlobalSection(SolutionConfigurationPlatforms) = preSolution
		Debug|Any CPU = Debug|Any CPU
		Release|Any CPU = Release|Any CPU
	EndGlobalSection
	GlobalSection(ProjectConfigurationPlatforms) = postSolution
		{468894B4-4A78-48A9-86FE-747E3E6F721F}.Debug|Any CPU.ActiveCfg = Debug|Any CPU
		{468894B4-4A78-48A9-86FE-747E3E6F721F}.Debug|Any CPU.Build.0 = Debug|Any CPU
		{468894B4-4A78-48A9-86FE-747E3E6F721F}.Release|Any CPU.ActiveCfg = Release|Any CPU
		{468894B4-4A78-48A9-86FE-747E3E6F721F}.Release|Any CPU.Build.0 = Release|Any CPU
	EndGlobalSection
EndGlobal
